
Microsoft Visual Studio Solution File, Format Version 12.00
# Visual Studio Version 17
VisualStudioVersion = 17.8.34525.116
MinimumVisualStudioVersion = 10.0.40219.1
Project("{FAE04EC0-301F-11D3-BF4B-00C04F79EFBC}") = "WebAPIdotnet6Versioning", "WebAPIdotnet6Versioning\WebAPIdotnet6Versioning.csproj", "{6FE860FC-5C3E-48E6-826F-EEFCA3F9DF22}"
EndProject
Global
	GlobalSection(SolutionConfigurationPlatforms) = preSolution
		Debug|Any CPU = Debug|Any CPU
		Release|Any CPU = Release|Any CPU
	EndGlobalSection
	GlobalSection(ProjectConfigurationPlatforms) = postSolution
		{6FE860FC-5C3E-48E6-826F-EEFCA3F9DF22}.Debug|Any CPU.ActiveCfg = Debug|Any CPU
		{6FE860FC-5C3E-48E6-826F-EEFCA3F9DF22}.Debug|Any CPU.Build.0 = Debug|Any CPU
		{6FE860FC-5C3E-48E6-826F-EEFCA3F9DF22}.Release|Any CPU.ActiveCfg = Release|Any CPU
		{6FE860FC-5C3E-48E6-826F-EEFCA3F9DF22}.Release|Any CPU.Build.0 = Release|Any CPU
	EndGlobalSection
	GlobalSection(SolutionProperties) = preSolution
		HideSolutionNode = FALSE
	EndGlobalSection
	GlobalSection(ExtensibilityGlobals) = postSolution
		SolutionGuid = {D5D88056-02C4-4A89-A714-7D97FEF76446}
	EndGlobalSection
EndGlobal
